# This file is automatically @generated by Cargo.
# It is not intended for manual editing.
[[package]]
name = "day07"
version = "0.1.0"
dependencies = [
 "intcode 0.1.0",
 "permutohedron 0.2.4 (registry+https://github.com/rust-lang/crates.io-index)",
]

[[package]]
name = "intcode"
version = "0.1.0"
dependencies = [
 "smallvec 1.0.0 (registry+https://github.com/rust-lang/crates.io-index)",
]

[[package]]
name = "permutohedron"
version = "0.2.4"
source = "registry+https://github.com/rust-lang/crates.io-index"

[[package]]
name = "smallvec"
version = "1.0.0"
source = "registry+https://github.com/rust-lang/crates.io-index"

[metadata]
"checksum permutohedron 0.2.4 (registry+https://github.com/rust-lang/crates.io-index)" = "b687ff7b5da449d39e418ad391e5e08da53ec334903ddbb921db208908fc372c"
"checksum smallvec 1.0.0 (registry+https://github.com/rust-lang/crates.io-index)" = "4ecf3b85f68e8abaa7555aa5abdb1153079387e60b718283d732f03897fcfc86"
