# This file is automatically @generated by Cargo.
# It is not intended for manual editing.
[[package]]
name = "day23"
version = "0.1.0"
dependencies = [
 "intcode 0.1.0",
]

[[package]]
name = "intcode"
version = "0.1.0"
dependencies = [
 "smallvec 1.1.0 (registry+https://github.com/rust-lang/crates.io-index)",
]

[[package]]
name = "smallvec"
version = "1.1.0"
source = "registry+https://github.com/rust-lang/crates.io-index"

[metadata]
"checksum smallvec 1.1.0 (registry+https://github.com/rust-lang/crates.io-index)" = "44e59e0c9fa00817912ae6e4e6e3c4fe04455e75699d06eedc7d85917ed8e8f4"
