# This file is automatically @generated by Cargo.
# It is not intended for manual editing.
[[package]]
name = "binary-heap-plus"
version = "0.2.0"
source = "registry+https://github.com/rust-lang/crates.io-index"
dependencies = [
 "compare 0.1.0 (registry+https://github.com/rust-lang/crates.io-index)",
]

[[package]]
name = "compare"
version = "0.1.0"
source = "registry+https://github.com/rust-lang/crates.io-index"

[[package]]
name = "day17"
version = "0.1.0"
dependencies = [
 "binary-heap-plus 0.2.0 (registry+https://github.com/rust-lang/crates.io-index)",
 "intcode 0.1.0",
]

[[package]]
name = "intcode"
version = "0.1.0"
dependencies = [
 "smallvec 1.1.0 (registry+https://github.com/rust-lang/crates.io-index)",
]

[[package]]
name = "smallvec"
version = "1.1.0"
source = "registry+https://github.com/rust-lang/crates.io-index"

[metadata]
"checksum binary-heap-plus 0.2.0 (registry+https://github.com/rust-lang/crates.io-index)" = "627e47a11596542ac3e5c6f72a2aac1bfa0c9a8f55b01e030cc24ee6825cae92"
"checksum compare 0.1.0 (registry+https://github.com/rust-lang/crates.io-index)" = "120133d4db2ec47efe2e26502ee984747630c67f51974fca0b6c1340cf2368d3"
"checksum smallvec 1.1.0 (registry+https://github.com/rust-lang/crates.io-index)" = "44e59e0c9fa00817912ae6e4e6e3c4fe04455e75699d06eedc7d85917ed8e8f4"
